
Microsoft Visual Studio Solution File, Format Version 12.00
# Visual Studio Version 16
VisualStudioVersion = 16.0.31424.327
MinimumVisualStudioVersion = 10.0.40219.1
Project("{FAE04EC0-301F-11D3-BF4B-00C04F79EFBC}") = "FishingWebSite", "FishingWebSite.csproj", "{0EB07028-0003-4EE6-B370-89BA09D3CD80}"
EndProject
Global
	GlobalSection(SolutionConfigurationPlatforms) = preSolution
		Debug|Any CPU = Debug|Any CPU
		Release|Any CPU = Release|Any CPU
	EndGlobalSection
	GlobalSection(ProjectConfigurationPlatforms) = postSolution
		{0EB07028-0003-4EE6-B370-89BA09D3CD80}.Debug|Any CPU.ActiveCfg = Debug|Any CPU
		{0EB07028-0003-4EE6-B370-89BA09D3CD80}.Debug|Any CPU.Build.0 = Debug|Any CPU
		{0EB07028-0003-4EE6-B370-89BA09D3CD80}.Release|Any CPU.ActiveCfg = Release|Any CPU
		{0EB07028-0003-4EE6-B370-89BA09D3CD80}.Release|Any CPU.Build.0 = Release|Any CPU
	EndGlobalSection
	GlobalSection(SolutionProperties) = preSolution
		HideSolutionNode = FALSE
	EndGlobalSection
	GlobalSection(ExtensibilityGlobals) = postSolution
		SolutionGuid = {EFFFC45E-1045-432F-AB81-8D4DEC28B4DB}
	EndGlobalSection
EndGlobal
